// !$*UTF8*$!
{
	archiveVersion = 1;
	classes = {
	};
	objectVersion = 46;
	objects = {

/* Begin PBXBuildFile section */
		C6E2819C1A7D8C3100950FD2 /* main.m in Sources */ = {isa = PBXBuildFile; fileRef = C6E2819B1A7D8C3100950FD2 /* main.m */; };
		C6E2819F1A7D8C3100950FD2 /* AppDelegate.m in Sources */ = {isa = PBXBuildFile; fileRef = C6E2819E1A7D8C3100950FD2 /* AppDelegate.m */; };
		C6E281A21A7D8C3100950FD2 /* ViewController.m in Sources */ = {isa = PBXBuildFile; fileRef = C6E281A11A7D8C3100950FD2 /* ViewController.m */; };
		C6E281A51A7D8C3100950FD2 /* Main.storyboard in Resources */ = {isa = PBXBuildFile; fileRef = C6E281A31A7D8C3100950FD2 /* Main.storyboard */; };
		C6E281A71A7D8C3100950FD2 /* Images.xcassets in Resources */ = {isa = PBXBuildFile; fileRef = C6E281A61A7D8C3100950FD2 /* Images.xcassets */; };
		C6E281AA1A7D8C3100950FD2 /* LaunchScreen.xib in Resources */ = {isa = PBXBuildFile; fileRef = C6E281A81A7D8C3100950FD2 /* LaunchScreen.xib */; };
		C6E281B61A7D8C3100950FD2 /* CalculatorTests.m in Sources */ = {isa = PBXBuildFile; fileRef = C6E281B51A7D8C3100950FD2 /* CalculatorTests.m */; };
		C6E281C21A7DA3ED00950FD2 /* CalculatorBrain.m in Sources */ = {isa = PBXBuildFile; fileRef = C6E281C11A7DA3ED00950FD2 /* CalculatorBrain.m */; };
/* End PBXBuildFile section */

/* Begin PBXContainerItemProxy section */
		C6E281B01A7D8C3100950FD2 /* PBXContainerItemProxy */ = {
			isa = PBXContainerItemProxy;
			containerPortal = C6E2818E1A7D8C3100950FD2 /* Project object */;
			proxyType = 1;
			remoteGlobalIDString = C6E281951A7D8C3100950FD2;
			remoteInfo = Calculator;
		};
/* End PBXContainerItemProxy section */

/* Begin PBXFileReference section */
		C6E281961A7D8C3100950FD2 /* Calculator.app */ = {isa = PBXFileReference; explicitFileType = wrapper.application; includeInIndex = 0; path = Calculator.app; sourceTree = BUILT_PRODUCTS_DIR; };
		C6E2819A1A7D8C3100950FD2 /* Info.plist */ = {isa = PBXFileReference; lastKnownFileType = text.plist.xml; path = Info.plist; sourceTree = "<group>"; };
		C6E2819B1A7D8C3100950FD2 /* main.m */ = {isa = PBXFileReference; lastKnownFileType = sourcecode.c.objc; path = main.m; sourceTree = "<group>"; };
		C6E2819D1A7D8C3100950FD2 /* AppDelegate.h */ = {isa = PBXFileReference; lastKnownFileType = sourcecode.c.h; path = AppDelegate.h; sourceTree = "<group>"; };
		C6E2819E1A7D8C3100950FD2 /* AppDelegate.m */ = {isa = PBXFileReference; lastKnownFileType = sourcecode.c.objc; path = AppDelegate.m; sourceTree = "<group>"; };
		C6E281A01A7D8C3100950FD2 /* ViewController.h */ = {isa = PBXFileReference; lastKnownFileType = sourcecode.c.h; path = ViewController.h; sourceTree = "<group>"; };
		C6E281A11A7D8C3100950FD2 /* ViewController.m */ = {isa = PBXFileReference; lastKnownFileType = sourcecode.c.objc; path = ViewController.m; sourceTree = "<group>"; };
		C6E281A41A7D8C3100950FD2 /* Base */ = {isa = PBXFileReference; lastKnownFileType = file.storyboard; name = Base; path = Base.lproj/Main.storyboard; sourceTree = "<group>"; };
		C6E281A61A7D8C3100950FD2 /* Images.xcassets */ = {isa = PBXFileReference; lastKnownFileType = folder.assetcatalog; path = Images.xcassets; sourceTree = "<group>"; };
		C6E281A91A7D8C3100950FD2 /* Base */ = {isa = PBXFileReference; lastKnownFileType = file.xib; name = Base; path = Base.lproj/LaunchScreen.xib; sourceTree = "<group>"; };
		C6E281AF1A7D8C3100950FD2 /* CalculatorTests.xctest */ = {isa = PBXFileReference; explicitFileType = wrapper.cfbundle; includeInIndex = 0; path = CalculatorTests.xctest; sourceTree = BUILT_PRODUCTS_DIR; };
		C6E281B41A7D8C3100950FD2 /* Info.plist */ = {isa = PBXFileReference; lastKnownFileType = text.plist.xml; path = Info.plist; sourceTree = "<group>"; };
		C6E281B51A7D8C3100950FD2 /* CalculatorTests.m */ = {isa = PBXFileReference; lastKnownFileType = sourcecode.c.objc; path = CalculatorTests.m; sourceTree = "<group>"; };
		C6E281C11A7DA3ED00950FD2 /* CalculatorBrain.m */ = {isa = PBXFileReference; fileEncoding = 4; lastKnownFileType = sourcecode.c.objc; path = CalculatorBrain.m; sourceTree = "<group>"; };
		C6E281C31A7DA42500950FD2 /* CalculatorBrain.h */ = {isa = PBXFileReference; fileEncoding = 4; lastKnownFileType = sourcecode.c.h; path = CalculatorBrain.h; sourceTree = "<group>"; };
/* End PBXFileReference section */

/* Begin PBXFrameworksBuildPhase section */
		C6E281931A7D8C3100950FD2 /* Frameworks */ = {
			isa = PBXFrameworksBuildPhase;
			buildActionMask = 2147483647;
			files = (
			);
			runOnlyForDeploymentPostprocessing = 0;
		};
		C6E281AC1A7D8C3100950FD2 /* Frameworks */ = {
			isa = PBXFrameworksBuildPhase;
			buildActionMask = 2147483647;
			files = (
			);
			runOnlyForDeploymentPostprocessing = 0;
		};
/* End PBXFrameworksBuildPhase section */

/* Begin PBXGroup section */
		C6E2818D1A7D8C3100950FD2 = {
			isa = PBXGroup;
			children = (
				C6E281981A7D8C3100950FD2 /* Calculator */,
				C6E281B21A7D8C3100950FD2 /* CalculatorTests */,
				C6E281971A7D8C3100950FD2 /* Products */,
			);
			sourceTree = "<group>";
		};
		C6E281971A7D8C3100950FD2 /* Products */ = {
			isa = PBXGroup;
			children = (
				C6E281961A7D8C3100950FD2 /* Calculator.app */,
				C6E281AF1A7D8C3100950FD2 /* CalculatorTests.xctest */,
			);
			name = Products;
			sourceTree = "<group>";
		};
		C6E281981A7D8C3100950FD2 /* Calculator */ = {
			isa = PBXGroup;
			children = (
				C6E2819D1A7D8C3100950FD2 /* AppDelegate.h */,
				C6E2819E1A7D8C3100950FD2 /* AppDelegate.m */,
				C6E281A01A7D8C3100950FD2 /* ViewController.h */,
				C6E281A11A7D8C3100950FD2 /* ViewController.m */,
				C6E281C31A7DA42500950FD2 /* CalculatorBrain.h */,
				C6E281C11A7DA3ED00950FD2 /* CalculatorBrain.m */,
				C6E281A31A7D8C3100950FD2 /* Main.storyboard */,
				C6E281A61A7D8C3100950FD2 /* Images.xcassets */,
				C6E281A81A7D8C3100950FD2 /* LaunchScreen.xib */,
				C6E281991A7D8C3100950FD2 /* Supporting Files */,
			);
			path = Calculator;
			sourceTree = "<group>";
		};
		C6E281991A7D8C3100950FD2 /* Supporting Files */ = {
			isa = PBXGroup;
			children = (
				C6E2819A1A7D8C3100950FD2 /* Info.plist */,
				C6E2819B1A7D8C3100950FD2 /* main.m */,
			);
			name = "Supporting Files";
			sourceTree = "<group>";
		};
		C6E281B21A7D8C3100950FD2 /* CalculatorTests */ = {
			isa = PBXGroup;
			children = (
				C6E281B51A7D8C3100950FD2 /* CalculatorTests.m */,
				C6E281B31A7D8C3100950FD2 /* Supporting Files */,
			);
			path = CalculatorTests;
			sourceTree = "<group>";
		};
		C6E281B31A7D8C3100950FD2 /* Supporting Files */ = {
			isa = PBXGroup;
			children = (
				C6E281B41A7D8C3100950FD2 /* Info.plist */,
			);
			name = "Supporting Files";
			sourceTree = "<group>";
		};
/* End PBXGroup section */

/* Begin PBXNativeTarget section */
		C6E281951A7D8C3100950FD2 /* Calculator */ = {
			isa = PBXNativeTarget;
			buildConfigurationList = C6E281B91A7D8C3100950FD2 /* Build configuration list for PBXNativeTarget "Calculator" */;
			buildPhases = (
				C6E281921A7D8C3100950FD2 /* Sources */,
				C6E281931A7D8C3100950FD2 /* Frameworks */,
				C6E281941A7D8C3100950FD2 /* Resources */,
			);
			buildRules = (
			);
			dependencies = (
			);
			name = Calculator;
			productName = Calculator;
			productReference = C6E281961A7D8C3100950FD2 /* Calculator.app */;
			productType = "com.apple.product-type.application";
		};
		C6E281AE1A7D8C3100950FD2 /* CalculatorTests */ = {
			isa = PBXNativeTarget;
			buildConfigurationList = C6E281BC1A7D8C3100950FD2 /* Build configuration list for PBXNativeTarget "CalculatorTests" */;
			buildPhases = (
				C6E281AB1A7D8C3100950FD2 /* Sources */,
				C6E281AC1A7D8C3100950FD2 /* Frameworks */,
				C6E281AD1A7D8C3100950FD2 /* Resources */,
			);
			buildRules = (
			);
			dependencies = (
				C6E281B11A7D8C3100950FD2 /* PBXTargetDependency */,
			);
			name = CalculatorTests;
			productName = CalculatorTests;
			productReference = C6E281AF1A7D8C3100950FD2 /* CalculatorTests.xctest */;
			productType = "com.apple.product-type.bundle.unit-test";
		};
/* End PBXNativeTarget section */

/* Begin PBXProject section */
		C6E2818E1A7D8C3100950FD2 /* Project object */ = {
			isa = PBXProject;
			attributes = {
				LastUpgradeCheck = 0610;
				ORGANIZATIONNAME = "Brendan Coneys";
				TargetAttributes = {
					C6E281951A7D8C3100950FD2 = {
						CreatedOnToolsVersion = 6.1.1;
					};
					C6E281AE1A7D8C3100950FD2 = {
						CreatedOnToolsVersion = 6.1.1;
						TestTargetID = C6E281951A7D8C3100950FD2;
					};
				};
			};
			buildConfigurationList = C6E281911A7D8C3100950FD2 /* Build configuration list for PBXProject "Calculator" */;
			compatibilityVersion = "Xcode 3.2";
			developmentRegion = English;
			hasScannedForEncodings = 0;
			knownRegions = (
				en,
				Base,
			);
			mainGroup = C6E2818D1A7D8C3100950FD2;
			productRefGroup = C6E281971A7D8C3100950FD2 /* Products */;
			projectDirPath = "";
			projectRoot = "";
			targets = (
				C6E281951A7D8C3100950FD2 /* Calculator */,
				C6E281AE1A7D8C3100950FD2 /* CalculatorTests */,
			);
		};
/* End PBXProject section */

/* Begin PBXResourcesBuildPhase section */
		C6E281941A7D8C3100950FD2 /* Resources */ = {
			isa = PBXResourcesBuildPhase;
			buildActionMask = 2147483647;
			files = (
				C6E281A51A7D8C3100950FD2 /* Main.storyboard in Resources */,
				C6E281AA1A7D8C3100950FD2 /* LaunchScreen.xib in Resources */,
				C6E281A71A7D8C3100950FD2 /* Images.xcassets in Resources */,
			);
			runOnlyForDeploymentPostprocessing = 0;
		};
		C6E281AD1A7D8C3100950FD2 /* Resources */ = {
			isa = PBXResourcesBuildPhase;
			buildActionMask = 2147483647;
			files = (
			);
			runOnlyForDeploymentPostprocessing = 0;
		};
/* End PBXResourcesBuildPhase section */

/* Begin PBXSourcesBuildPhase section */
		C6E281921A7D8C3100950FD2 /* Sources */ = {
			isa = PBXSourcesBuildPhase;
			buildActionMask = 2147483647;
			files = (
				C6E281A21A7D8C3100950FD2 /* ViewController.m in Sources */,
				C6E2819F1A7D8C3100950FD2 /* AppDelegate.m in Sources */,
				C6E281C21A7DA3ED00950FD2 /* CalculatorBrain.m in Sources */,
				C6E2819C1A7D8C3100950FD2 /* main.m in Sources */,
			);
			runOnlyForDeploymentPostprocessing = 0;
		};
		C6E281AB1A7D8C3100950FD2 /* Sources */ = {
			isa = PBXSourcesBuildPhase;
			buildActionMask = 2147483647;
			files = (
				C6E281B61A7D8C3100950FD2 /* CalculatorTests.m in Sources */,
			);
			runOnlyForDeploymentPostprocessing = 0;
		};
/* End PBXSourcesBuildPhase section */

/* Begin PBXTargetDependency section */
		C6E281B11A7D8C3100950FD2 /* PBXTargetDependency */ = {
			isa = PBXTargetDependency;
			target = C6E281951A7D8C3100950FD2 /* Calculator */;
			targetProxy = C6E281B01A7D8C3100950FD2 /* PBXContainerItemProxy */;
		};
/* End PBXTargetDependency section */

/* Begin PBXVariantGroup section */
		C6E281A31A7D8C3100950FD2 /* Main.storyboard */ = {
			isa = PBXVariantGroup;
			children = (
				C6E281A41A7D8C3100950FD2 /* Base */,
			);
			name = Main.storyboard;
			sourceTree = "<group>";
		};
		C6E281A81A7D8C3100950FD2 /* LaunchScreen.xib */ = {
			isa = PBXVariantGroup;
			children = (
				C6E281A91A7D8C3100950FD2 /* Base */,
			);
			name = LaunchScreen.xib;
			sourceTree = "<group>";
		};
/* End PBXVariantGroup section */

/* Begin XCBuildConfiguration section */
		C6E281B71A7D8C3100950FD2 /* Debug */ = {
			isa = XCBuildConfiguration;
			buildSettings = {
				ALWAYS_SEARCH_USER_PATHS = NO;
				CLANG_CXX_LANGUAGE_STANDARD = "gnu++0x";
				CLANG_CXX_LIBRARY = "libc++";
				CLANG_ENABLE_MODULES = YES;
				CLANG_ENABLE_OBJC_ARC = YES;
				CLANG_WARN_BOOL_CONVERSION = YES;
				CLANG_WARN_CONSTANT_CONVERSION = YES;
				CLANG_WARN_DIRECT_OBJC_ISA_USAGE = YES_ERROR;
				CLANG_WARN_EMPTY_BODY = YES;
				CLANG_WARN_ENUM_CONVERSION = YES;
				CLANG_WARN_INT_CONVERSION = YES;
				CLANG_WARN_OBJC_ROOT_CLASS = YES_ERROR;
				CLANG_WARN_UNREACHABLE_CODE = YES;
				CLANG_WARN__DUPLICATE_METHOD_MATCH = YES;
				"CODE_SIGN_IDENTITY[sdk=iphoneos*]" = "iPhone Developer";
				COPY_PHASE_STRIP = NO;
				ENABLE_STRICT_OBJC_MSGSEND = YES;
				GCC_C_LANGUAGE_STANDARD = gnu99;
				GCC_DYNAMIC_NO_PIC = NO;
				GCC_OPTIMIZATION_LEVEL = 0;
				GCC_PREPROCESSOR_DEFINITIONS = (
					"DEBUG=1",
					"$(inherited)",
				);
				GCC_SYMBOLS_PRIVATE_EXTERN = NO;
				GCC_WARN_64_TO_32_BIT_CONVERSION = YES;
				GCC_WARN_ABOUT_RETURN_TYPE = YES_ERROR;
				GCC_WARN_UNDECLARED_SELECTOR = YES;
				GCC_WARN_UNINITIALIZED_AUTOS = YES_AGGRESSIVE;
				GCC_WARN_UNUSED_FUNCTION = YES;
				GCC_WARN_UNUSED_VARIABLE = YES;
				IPHONEOS_DEPLOYMENT_TARGET = 8.1;
				MTL_ENABLE_DEBUG_INFO = YES;
				ONLY_ACTIVE_ARCH = YES;
				SDKROOT = iphoneos;
			};
			name = Debug;
		};
		C6E281B81A7D8C3100950FD2 /* Release */ = {
			isa = XCBuildConfiguration;
			buildSettings = {
				ALWAYS_SEARCH_USER_PATHS = NO;
				CLANG_CXX_LANGUAGE_STANDARD = "gnu++0x";
				CLANG_CXX_LIBRARY = "libc++";
				CLANG_ENABLE_MODULES = YES;
				CLANG_ENABLE_OBJC_ARC = YES;
				CLANG_WARN_BOOL_CONVERSION = YES;
				CLANG_WARN_CONSTANT_CONVERSION = YES;
				CLANG_WARN_DIRECT_OBJC_ISA_USAGE = YES_ERROR;
				CLANG_WARN_EMPTY_BODY = YES;
				CLANG_WARN_ENUM_CONVERSION = YES;
				CLANG_WARN_INT_CONVERSION = YES;
				CLANG_WARN_OBJC_ROOT_CLASS = YES_ERROR;
				CLANG_WARN_UNREACHABLE_CODE = YES;
				CLANG_WARN__DUPLICATE_METHOD_MATCH = YES;
				"CODE_SIGN_IDENTITY[sdk=iphoneos*]" = "iPhone Developer";
				COPY_PHASE_STRIP = YES;
				ENABLE_NS_ASSERTIONS = NO;
				ENABLE_STRICT_OBJC_MSGSEND = YES;
				GCC_C_LANGUAGE_STANDARD = gnu99;
				GCC_WARN_64_TO_32_BIT_CONVERSION = YES;
				GCC_WARN_ABOUT_RETURN_TYPE = YES_ERROR;
				GCC_WARN_UNDECLARED_SELECTOR = YES;
				GCC_WARN_UNINITIALIZED_AUTOS = YES_AGGRESSIVE;
				GCC_WARN_UNUSED_FUNCTION = YES;
				GCC_WARN_UNUSED_VARIABLE = YES;
				IPHONEOS_DEPLOYMENT_TARGET = 8.1;
				MTL_ENABLE_DEBUG_INFO = NO;
				SDKROOT = iphoneos;
				VALIDATE_PRODUCT = YES;
			};
			name = Release;
		};
		C6E281BA1A7D8C3100950FD2 /* Debug */ = {
			isa = XCBuildConfiguration;
			buildSettings = {
				ASSETCATALOG_COMPILER_APPICON_NAME = AppIcon;
				INFOPLIST_FILE = Calculator/Info.plist;
				LD_RUNPATH_SEARCH_PATHS = "$(inherited) @executable_path/Frameworks";
				PRODUCT_NAME = "$(TARGET_NAME)";
			};
			name = Debug;
		};
		C6E281BB1A7D8C3100950FD2 /* Release */ = {
			isa = XCBuildConfiguration;
			buildSettings = {
				ASSETCATALOG_COMPILER_APPICON_NAME = AppIcon;
				INFOPLIST_FILE = Calculator/Info.plist;
				LD_RUNPATH_SEARCH_PATHS = "$(inherited) @executable_path/Frameworks";
				PRODUCT_NAME = "$(TARGET_NAME)";
			};
			name = Release;
		};
		C6E281BD1A7D8C3100950FD2 /* Debug */ = {
			isa = XCBuildConfiguration;
			buildSettings = {
				BUNDLE_LOADER = "$(TEST_HOST)";
				FRAMEWORK_SEARCH_PATHS = (
					"$(SDKROOT)/Developer/Library/Frameworks",
					"$(inherited)",
				);
				GCC_PREPROCESSOR_DEFINITIONS = (
					"DEBUG=1",
					"$(inherited)",
				);
				INFOPLIST_FILE = CalculatorTests/Info.plist;
				LD_RUNPATH_SEARCH_PATHS = "$(inherited) @executable_path/Frameworks @loader_path/Frameworks";
				PRODUCT_NAME = "$(TARGET_NAME)";
				TEST_HOST = "$(BUILT_PRODUCTS_DIR)/Calculator.app/Calculator";
			};
			name = Debug;
		};
		C6E281BE1A7D8C3100950FD2 /* Release */ = {
			isa = XCBuildConfiguration;
			buildSettings = {
				BUNDLE_LOADER = "$(TEST_HOST)";
				FRAMEWORK_SEARCH_PATHS = (
					"$(SDKROOT)/Developer/Library/Frameworks",
					"$(inherited)",
				);
				INFOPLIST_FILE = CalculatorTests/Info.plist;
				LD_RUNPATH_SEARCH_PATHS = "$(inherited) @executable_path/Frameworks @loader_path/Frameworks";
				PRODUCT_NAME = "$(TARGET_NAME)";
				TEST_HOST = "$(BUILT_PRODUCTS_DIR)/Calculator.app/Calculator";
			};
			name = Release;
		};
/* End XCBuildConfiguration section */

/* Begin XCConfigurationList section */
		C6E281911A7D8C3100950FD2 /* Build configuration list for PBXProject "Calculator" */ = {
			isa = XCConfigurationList;
			buildConfigurations = (
				C6E281B71A7D8C3100950FD2 /* Debug */,
				C6E281B81A7D8C3100950FD2 /* Release */,
			);
			defaultConfigurationIsVisible = 0;
			defaultConfigurationName = Release;
		};
		C6E281B91A7D8C3100950FD2 /* Build configuration list for PBXNativeTarget "Calculator" */ = {
			isa = XCConfigurationList;
			buildConfigurations = (
				C6E281BA1A7D8C3100950FD2 /* Debug */,
				C6E281BB1A7D8C3100950FD2 /* Release */,
			);
			defaultConfigurationIsVisible = 0;
		};
		C6E281BC1A7D8C3100950FD2 /* Build configuration list for PBXNativeTarget "CalculatorTests" */ = {
			isa = XCConfigurationList;
			buildConfigurations = (
				C6E281BD1A7D8C3100950FD2 /* Debug */,
				C6E281BE1A7D8C3100950FD2 /* Release */,
			);
			defaultConfigurationIsVisible = 0;
		};
/* End XCConfigurationList section */
	};
	rootObject = C6E2818E1A7D8C3100950FD2 /* Project object */;
}
